
Microsoft Visual Studio Solution File, Format Version 12.00
# Visual Studio Version 17
VisualStudioVersion = 17.14.36301.6
MinimumVisualStudioVersion = 10.0.40219.1
Project("{FAE04EC0-301F-11D3-BF4B-00C04F79EFBC}") = "Sutido.API", "Sutido.API\Sutido.API.csproj", "{B85146D7-EE6A-495D-B339-E5AA557EE3FB}"
EndProject
Project("{FAE04EC0-301F-11D3-BF4B-00C04F79EFBC}") = "Sutido.Model", "Sutido.Model\Sutido.Model.csproj", "{2BACDF79-6B1E-43A8-9027-130640948FEE}"
EndProject
Project("{FAE04EC0-301F-11D3-BF4B-00C04F79EFBC}") = "Sutido.Service", "Sutido.Service\Sutido.Service.csproj", "{8227E42C-A670-4C0B-A1A3-6D312DFDB57F}"
EndProject
Project("{FAE04EC0-301F-11D3-BF4B-00C04F79EFBC}") = "Sutido.Repository", "Sutido.Repository\Sutido.Repository.csproj", "{C69D6D72-FFB5-46EF-B45B-B35C8FAEDFE2}"
EndProject
Project("{FAE04EC0-301F-11D3-BF4B-00C04F79EFBC}") = "ViewModels", "ViewModels\ViewModels.csproj", "{8B4F4A5A-575A-4B78-B0C9-00FFA8EF2134}"
EndProject
Project("{2150E333-8FDC-42A3-9474-1A3956D46DE8}") = "Solution Items", "Solution Items", "{8EC462FD-D22E-90A8-E5CE-7E832BA40C5D}"
	ProjectSection(SolutionItems) = preProject
		docker-compose.yml = docker-compose.yml
	EndProjectSection
EndProject
Global
	GlobalSection(SolutionConfigurationPlatforms) = preSolution
		Debug|Any CPU = Debug|Any CPU
		Release|Any CPU = Release|Any CPU
	EndGlobalSection
	GlobalSection(ProjectConfigurationPlatforms) = postSolution
		{B85146D7-EE6A-495D-B339-E5AA557EE3FB}.Debug|Any CPU.ActiveCfg = Debug|Any CPU
		{B85146D7-EE6A-495D-B339-E5AA557EE3FB}.Debug|Any CPU.Build.0 = Debug|Any CPU
		{B85146D7-EE6A-495D-B339-E5AA557EE3FB}.Release|Any CPU.ActiveCfg = Release|Any CPU
		{B85146D7-EE6A-495D-B339-E5AA557EE3FB}.Release|Any CPU.Build.0 = Release|Any CPU
		{2BACDF79-6B1E-43A8-9027-130640948FEE}.Debug|Any CPU.ActiveCfg = Debug|Any CPU
		{2BACDF79-6B1E-43A8-9027-130640948FEE}.Debug|Any CPU.Build.0 = Debug|Any CPU
		{2BACDF79-6B1E-43A8-9027-130640948FEE}.Release|Any CPU.ActiveCfg = Release|Any CPU
		{2BACDF79-6B1E-43A8-9027-130640948FEE}.Release|Any CPU.Build.0 = Release|Any CPU
		{8227E42C-A670-4C0B-A1A3-6D312DFDB57F}.Debug|Any CPU.ActiveCfg = Debug|Any CPU
		{8227E42C-A670-4C0B-A1A3-6D312DFDB57F}.Debug|Any CPU.Build.0 = Debug|Any CPU
		{8227E42C-A670-4C0B-A1A3-6D312DFDB57F}.Release|Any CPU.ActiveCfg = Release|Any CPU
		{8227E42C-A670-4C0B-A1A3-6D312DFDB57F}.Release|Any CPU.Build.0 = Release|Any CPU
		{C69D6D72-FFB5-46EF-B45B-B35C8FAEDFE2}.Debug|Any CPU.ActiveCfg = Debug|Any CPU
		{C69D6D72-FFB5-46EF-B45B-B35C8FAEDFE2}.Debug|Any CPU.Build.0 = Debug|Any CPU
		{C69D6D72-FFB5-46EF-B45B-B35C8FAEDFE2}.Release|Any CPU.ActiveCfg = Release|Any CPU
		{C69D6D72-FFB5-46EF-B45B-B35C8FAEDFE2}.Release|Any CPU.Build.0 = Release|Any CPU
		{8B4F4A5A-575A-4B78-B0C9-00FFA8EF2134}.Debug|Any CPU.ActiveCfg = Debug|Any CPU
		{8B4F4A5A-575A-4B78-B0C9-00FFA8EF2134}.Debug|Any CPU.Build.0 = Debug|Any CPU
		{8B4F4A5A-575A-4B78-B0C9-00FFA8EF2134}.Release|Any CPU.ActiveCfg = Release|Any CPU
		{8B4F4A5A-575A-4B78-B0C9-00FFA8EF2134}.Release|Any CPU.Build.0 = Release|Any CPU
	EndGlobalSection
	GlobalSection(SolutionProperties) = preSolution
		HideSolutionNode = FALSE
	EndGlobalSection
	GlobalSection(ExtensibilityGlobals) = postSolution
		SolutionGuid = {87A43420-5839-4E03-9645-ECB6C817436C}
	EndGlobalSection
EndGlobal
