
Microsoft Visual Studio Solution File, Format Version 12.00
# Visual Studio Version 17
VisualStudioVersion = 17.14.36301.6 d17.14
MinimumVisualStudioVersion = 10.0.40219.1
Project("{FAE04EC0-301F-11D3-BF4B-00C04F79EFBC}") = "Sutido.API", "Sutido.API\Sutido.API.csproj", "{B85146D7-EE6A-495D-B339-E5AA557EE3FB}"
EndProject
Project("{FAE04EC0-301F-11D3-BF4B-00C04F79EFBC}") = "Sutido.Repository", "Sutido.Repositories\Sutido.Repository.csproj", "{56A10FCE-366C-490E-B9AF-DD067008E830}"
EndProject
Project("{FAE04EC0-301F-11D3-BF4B-00C04F79EFBC}") = "Sutido.Service", "Sutido.Services\Sutido.Service.csproj", "{2E92A104-A6C0-4B0C-B9A5-486754A47CFE}"
EndProject
Project("{FAE04EC0-301F-11D3-BF4B-00C04F79EFBC}") = "Sutido.Model", "Sutido.Model\Sutido.Model.csproj", "{2BACDF79-6B1E-43A8-9027-130640948FEE}"
EndProject
Global
	GlobalSection(SolutionConfigurationPlatforms) = preSolution
		Debug|Any CPU = Debug|Any CPU
		Release|Any CPU = Release|Any CPU
	EndGlobalSection
	GlobalSection(ProjectConfigurationPlatforms) = postSolution
		{B85146D7-EE6A-495D-B339-E5AA557EE3FB}.Debug|Any CPU.ActiveCfg = Debug|Any CPU
		{B85146D7-EE6A-495D-B339-E5AA557EE3FB}.Debug|Any CPU.Build.0 = Debug|Any CPU
		{B85146D7-EE6A-495D-B339-E5AA557EE3FB}.Release|Any CPU.ActiveCfg = Release|Any CPU
		{B85146D7-EE6A-495D-B339-E5AA557EE3FB}.Release|Any CPU.Build.0 = Release|Any CPU
		{56A10FCE-366C-490E-B9AF-DD067008E830}.Debug|Any CPU.ActiveCfg = Debug|Any CPU
		{56A10FCE-366C-490E-B9AF-DD067008E830}.Debug|Any CPU.Build.0 = Debug|Any CPU
		{56A10FCE-366C-490E-B9AF-DD067008E830}.Release|Any CPU.ActiveCfg = Release|Any CPU
		{56A10FCE-366C-490E-B9AF-DD067008E830}.Release|Any CPU.Build.0 = Release|Any CPU
		{2E92A104-A6C0-4B0C-B9A5-486754A47CFE}.Debug|Any CPU.ActiveCfg = Debug|Any CPU
		{2E92A104-A6C0-4B0C-B9A5-486754A47CFE}.Debug|Any CPU.Build.0 = Debug|Any CPU
		{2E92A104-A6C0-4B0C-B9A5-486754A47CFE}.Release|Any CPU.ActiveCfg = Release|Any CPU
		{2E92A104-A6C0-4B0C-B9A5-486754A47CFE}.Release|Any CPU.Build.0 = Release|Any CPU
		{2BACDF79-6B1E-43A8-9027-130640948FEE}.Debug|Any CPU.ActiveCfg = Debug|Any CPU
		{2BACDF79-6B1E-43A8-9027-130640948FEE}.Debug|Any CPU.Build.0 = Debug|Any CPU
		{2BACDF79-6B1E-43A8-9027-130640948FEE}.Release|Any CPU.ActiveCfg = Release|Any CPU
		{2BACDF79-6B1E-43A8-9027-130640948FEE}.Release|Any CPU.Build.0 = Release|Any CPU
	EndGlobalSection
	GlobalSection(SolutionProperties) = preSolution
		HideSolutionNode = FALSE
	EndGlobalSection
	GlobalSection(ExtensibilityGlobals) = postSolution
		SolutionGuid = {87A43420-5839-4E03-9645-ECB6C817436C}
	EndGlobalSection
EndGlobal
